<?xml version="1.0" encoding="utf-8"?>
<Project ToolsVersion="4.0" xmlns="http://schemas.microsoft.com/developer/msbuild/2003">
  <ItemGroup>
    <Filter Include="Source Files">
      <UniqueIdentifier>{4FC737F1-C7A5-4376-A066-2A32D752A2FF}</UniqueIdentifier>
      <Extensions>cpp;c;cc;cxx;c++;cppm;ixx;def;odl;idl;hpj;bat;asm;asmx</Extensions>
    </Filter>
    <Filter Include="Header Files">
      <UniqueIdentifier>{93995380-89BD-4b04-88EB-625FBE52EBFB}</UniqueIdentifier>
      <Extensions>h;hh;hpp;hxx;h++;hm;inl;inc;ipp;xsd</Extensions>
    </Filter>
    <Filter Include="sdk">
      <UniqueIdentifier>{c3b26d3d-f21c-43cf-8eb2-ef69c810f3a4}</UniqueIdentifier>
    </Filter>
    <Filter Include="hooks">
      <UniqueIdentifier>{0cd863aa-9a97-414f-8f31-eb450b4a1731}</UniqueIdentifier>
    </Filter>
    <Filter Include="cheats">
      <UniqueIdentifier>{4b5a9c6e-92d6-45e2-9b0e-36fdbf3d8acd}</UniqueIdentifier>
    </Filter>
  </ItemGroup>
  <ItemGroup>
    <ClInclude Include="sdk\entity.hpp">
      <Filter>sdk</Filter>
    </ClInclude>
    <ClInclude Include="sdk\geom.hpp">
      <Filter>sdk</Filter>
    </ClInclude>
    <ClInclude Include="sdk\weapon.hpp">
      <Filter>sdk</Filter>
    </ClInclude>
    <ClInclude Include="hooks\bytepatch.hpp">
      <Filter>hooks</Filter>
    </ClInclude>
    <ClInclude Include="hooks\misc.hpp">
      <Filter>hooks</Filter>
    </ClInclude>
    <ClInclude Include="hooks\vmt.hpp">
      <Filter>hooks</Filter>
    </ClInclude>
    <ClInclude Include="hookmanager.hpp">
      <Filter>Header Files</Filter>
    </ClInclude>
    <ClInclude Include="helper.hpp">
      <Filter>Header Files</Filter>
    </ClInclude>
    <ClInclude Include="hookedfunctions.hpp">
      <Filter>Header Files</Filter>
    </ClInclude>
    <ClInclude Include="cheats\aimbot.hpp">
      <Filter>cheats</Filter>
    </ClInclude>
    <ClInclude Include="memory.hpp">
      <Filter>Header Files</Filter>
    </ClInclude>
    <ClInclude Include="config.hpp">
      <Filter>Header Files</Filter>
    </ClInclude>
    <ClInclude Include="json.hpp">
      <Filter>Header Files</Filter>
    </ClInclude>
  </ItemGroup>
  <ItemGroup>
    <ClCompile Include="dllmain.cpp">
      <Filter>Source Files</Filter>
    </ClCompile>
    <ClCompile Include="hooks\bytepatch.cpp">
      <Filter>hooks</Filter>
    </ClCompile>
    <ClCompile Include="hooks\misc.cpp">
      <Filter>hooks</Filter>
    </ClCompile>
    <ClCompile Include="hooks\vmt.cpp">
      <Filter>hooks</Filter>
    </ClCompile>
    <ClCompile Include="hookmanager.cpp">
      <Filter>Source Files</Filter>
    </ClCompile>
    <ClCompile Include="helper.cpp">
      <Filter>Source Files</Filter>
    </ClCompile>
    <ClCompile Include="hookedfunctions.cpp">
      <Filter>Source Files</Filter>
    </ClCompile>
    <ClCompile Include="cheats\aimbot.cpp">
      <Filter>cheats</Filter>
    </ClCompile>
    <ClCompile Include="memory.cpp">
      <Filter>Source Files</Filter>
    </ClCompile>
    <ClCompile Include="config.cpp">
      <Filter>Source Files</Filter>
    </ClCompile>
  </ItemGroup>
</Project>